// !$*UTF8*$!
{
	archiveVersion = 1;
	classes = {
	};
	objectVersion = 46;
	objects = {

/* Begin PBXBuildFile section */
		F70DD0DD1DFD29B9009CFF66 /* AppDelegate.swift in Sources */ = {isa = PBXBuildFile; fileRef = F70DD0DC1DFD29B9009CFF66 /* AppDelegate.swift */; };
		F70DD0DF1DFD29B9009CFF66 /* CameraViewController.swift in Sources */ = {isa = PBXBuildFile; fileRef = F70DD0DE1DFD29B9009CFF66 /* CameraViewController.swift */; };
		F70DD0E21DFD29B9009CFF66 /* Main.storyboard in Resources */ = {isa = PBXBuildFile; fileRef = F70DD0E01DFD29B9009CFF66 /* Main.storyboard */; };
		F70DD0E41DFD29B9009CFF66 /* Assets.xcassets in Resources */ = {isa = PBXBuildFile; fileRef = F70DD0E31DFD29B9009CFF66 /* Assets.xcassets */; };
		F70DD0E71DFD29B9009CFF66 /* LaunchScreen.storyboard in Resources */ = {isa = PBXBuildFile; fileRef = F70DD0E51DFD29B9009CFF66 /* LaunchScreen.storyboard */; };
		F70DD0F21DFD29B9009CFF66 /* Tour_GuideTests.swift in Sources */ = {isa = PBXBuildFile; fileRef = F70DD0F11DFD29B9009CFF66 /* Tour_GuideTests.swift */; };
		F70DD0FD1DFD29B9009CFF66 /* Tour_GuideUITests.swift in Sources */ = {isa = PBXBuildFile; fileRef = F70DD0FC1DFD29B9009CFF66 /* Tour_GuideUITests.swift */; };
		F7BF2CC21DFE00B7009CC89B /* MainViewController.swift in Sources */ = {isa = PBXBuildFile; fileRef = F7BF2CC11DFE00B7009CC89B /* MainViewController.swift */; };
		F7BF2CC51DFE010B009CC89B /* View1.swift in Sources */ = {isa = PBXBuildFile; fileRef = F7BF2CC31DFE010B009CC89B /* View1.swift */; };
		F7BF2CC61DFE010B009CC89B /* View1.xib in Resources */ = {isa = PBXBuildFile; fileRef = F7BF2CC41DFE010B009CC89B /* View1.xib */; };
		F7BF2CC91DFE02A9009CC89B /* View2.swift in Sources */ = {isa = PBXBuildFile; fileRef = F7BF2CC71DFE02A9009CC89B /* View2.swift */; };
		F7BF2CCA1DFE02A9009CC89B /* View2.xib in Resources */ = {isa = PBXBuildFile; fileRef = F7BF2CC81DFE02A9009CC89B /* View2.xib */; };
/* End PBXBuildFile section */

/* Begin PBXContainerItemProxy section */
		F70DD0EE1DFD29B9009CFF66 /* PBXContainerItemProxy */ = {
			isa = PBXContainerItemProxy;
			containerPortal = F70DD0D11DFD29B9009CFF66 /* Project object */;
			proxyType = 1;
			remoteGlobalIDString = F70DD0D81DFD29B9009CFF66;
			remoteInfo = "Tour Guide";
		};
		F70DD0F91DFD29B9009CFF66 /* PBXContainerItemProxy */ = {
			isa = PBXContainerItemProxy;
			containerPortal = F70DD0D11DFD29B9009CFF66 /* Project object */;
			proxyType = 1;
			remoteGlobalIDString = F70DD0D81DFD29B9009CFF66;
			remoteInfo = "Tour Guide";
		};
/* End PBXContainerItemProxy section */

/* Begin PBXFileReference section */
		F70DD0D91DFD29B9009CFF66 /* Tour Guide.app */ = {isa = PBXFileReference; explicitFileType = wrapper.application; includeInIndex = 0; path = "Tour Guide.app"; sourceTree = BUILT_PRODUCTS_DIR; };
		F70DD0DC1DFD29B9009CFF66 /* AppDelegate.swift */ = {isa = PBXFileReference; lastKnownFileType = sourcecode.swift; path = AppDelegate.swift; sourceTree = "<group>"; };
		F70DD0DE1DFD29B9009CFF66 /* CameraViewController.swift */ = {isa = PBXFileReference; lastKnownFileType = sourcecode.swift; path = CameraViewController.swift; sourceTree = "<group>"; };
		F70DD0E11DFD29B9009CFF66 /* Base */ = {isa = PBXFileReference; lastKnownFileType = file.storyboard; name = Base; path = Base.lproj/Main.storyboard; sourceTree = "<group>"; };
		F70DD0E31DFD29B9009CFF66 /* Assets.xcassets */ = {isa = PBXFileReference; lastKnownFileType = folder.assetcatalog; path = Assets.xcassets; sourceTree = "<group>"; };
		F70DD0E61DFD29B9009CFF66 /* Base */ = {isa = PBXFileReference; lastKnownFileType = file.storyboard; name = Base; path = Base.lproj/LaunchScreen.storyboard; sourceTree = "<group>"; };
		F70DD0E81DFD29B9009CFF66 /* Info.plist */ = {isa = PBXFileReference; lastKnownFileType = text.plist.xml; path = Info.plist; sourceTree = "<group>"; };
		F70DD0ED1DFD29B9009CFF66 /* Tour GuideTests.xctest */ = {isa = PBXFileReference; explicitFileType = wrapper.cfbundle; includeInIndex = 0; path = "Tour GuideTests.xctest"; sourceTree = BUILT_PRODUCTS_DIR; };
		F70DD0F11DFD29B9009CFF66 /* Tour_GuideTests.swift */ = {isa = PBXFileReference; lastKnownFileType = sourcecode.swift; path = Tour_GuideTests.swift; sourceTree = "<group>"; };
		F70DD0F31DFD29B9009CFF66 /* Info.plist */ = {isa = PBXFileReference; lastKnownFileType = text.plist.xml; path = Info.plist; sourceTree = "<group>"; };
		F70DD0F81DFD29B9009CFF66 /* Tour GuideUITests.xctest */ = {isa = PBXFileReference; explicitFileType = wrapper.cfbundle; includeInIndex = 0; path = "Tour GuideUITests.xctest"; sourceTree = BUILT_PRODUCTS_DIR; };
		F70DD0FC1DFD29B9009CFF66 /* Tour_GuideUITests.swift */ = {isa = PBXFileReference; lastKnownFileType = sourcecode.swift; path = Tour_GuideUITests.swift; sourceTree = "<group>"; };
		F70DD0FE1DFD29B9009CFF66 /* Info.plist */ = {isa = PBXFileReference; lastKnownFileType = text.plist.xml; path = Info.plist; sourceTree = "<group>"; };
		F7BF2CC11DFE00B7009CC89B /* MainViewController.swift */ = {isa = PBXFileReference; fileEncoding = 4; lastKnownFileType = sourcecode.swift; path = MainViewController.swift; sourceTree = "<group>"; };
		F7BF2CC31DFE010B009CC89B /* View1.swift */ = {isa = PBXFileReference; fileEncoding = 4; lastKnownFileType = sourcecode.swift; path = View1.swift; sourceTree = "<group>"; };
		F7BF2CC41DFE010B009CC89B /* View1.xib */ = {isa = PBXFileReference; fileEncoding = 4; lastKnownFileType = file.xib; path = View1.xib; sourceTree = "<group>"; };
		F7BF2CC71DFE02A9009CC89B /* View2.swift */ = {isa = PBXFileReference; fileEncoding = 4; lastKnownFileType = sourcecode.swift; path = View2.swift; sourceTree = "<group>"; };
		F7BF2CC81DFE02A9009CC89B /* View2.xib */ = {isa = PBXFileReference; fileEncoding = 4; lastKnownFileType = file.xib; path = View2.xib; sourceTree = "<group>"; };
/* End PBXFileReference section */

/* Begin PBXFrameworksBuildPhase section */
		F70DD0D61DFD29B9009CFF66 /* Frameworks */ = {
			isa = PBXFrameworksBuildPhase;
			buildActionMask = 2147483647;
			files = (
			);
			runOnlyForDeploymentPostprocessing = 0;
		};
		F70DD0EA1DFD29B9009CFF66 /* Frameworks */ = {
			isa = PBXFrameworksBuildPhase;
			buildActionMask = 2147483647;
			files = (
			);
			runOnlyForDeploymentPostprocessing = 0;
		};
		F70DD0F51DFD29B9009CFF66 /* Frameworks */ = {
			isa = PBXFrameworksBuildPhase;
			buildActionMask = 2147483647;
			files = (
			);
			runOnlyForDeploymentPostprocessing = 0;
		};
/* End PBXFrameworksBuildPhase section */

/* Begin PBXGroup section */
		F70DD0D01DFD29B9009CFF66 = {
			isa = PBXGroup;
			children = (
				F70DD0DB1DFD29B9009CFF66 /* Tour Guide */,
				F70DD0F01DFD29B9009CFF66 /* Tour GuideTests */,
				F70DD0FB1DFD29B9009CFF66 /* Tour GuideUITests */,
				F70DD0DA1DFD29B9009CFF66 /* Products */,
			);
			sourceTree = "<group>";
		};
		F70DD0DA1DFD29B9009CFF66 /* Products */ = {
			isa = PBXGroup;
			children = (
				F70DD0D91DFD29B9009CFF66 /* Tour Guide.app */,
				F70DD0ED1DFD29B9009CFF66 /* Tour GuideTests.xctest */,
				F70DD0F81DFD29B9009CFF66 /* Tour GuideUITests.xctest */,
			);
			name = Products;
			sourceTree = "<group>";
		};
		F70DD0DB1DFD29B9009CFF66 /* Tour Guide */ = {
			isa = PBXGroup;
			children = (
				F70DD0DC1DFD29B9009CFF66 /* AppDelegate.swift */,
				F70DD0DE1DFD29B9009CFF66 /* CameraViewController.swift */,
				F70DD0E01DFD29B9009CFF66 /* Main.storyboard */,
				F7BF2CC31DFE010B009CC89B /* View1.swift */,
				F7BF2CC41DFE010B009CC89B /* View1.xib */,
				F7BF2CC11DFE00B7009CC89B /* MainViewController.swift */,
				F7BF2CC71DFE02A9009CC89B /* View2.swift */,
				F7BF2CC81DFE02A9009CC89B /* View2.xib */,
				F70DD0E31DFD29B9009CFF66 /* Assets.xcassets */,
				F70DD0E51DFD29B9009CFF66 /* LaunchScreen.storyboard */,
				F70DD0E81DFD29B9009CFF66 /* Info.plist */,
			);
			path = "Tour Guide";
			sourceTree = "<group>";
		};
		F70DD0F01DFD29B9009CFF66 /* Tour GuideTests */ = {
			isa = PBXGroup;
			children = (
				F70DD0F11DFD29B9009CFF66 /* Tour_GuideTests.swift */,
				F70DD0F31DFD29B9009CFF66 /* Info.plist */,
			);
			path = "Tour GuideTests";
			sourceTree = "<group>";
		};
		F70DD0FB1DFD29B9009CFF66 /* Tour GuideUITests */ = {
			isa = PBXGroup;
			children = (
				F70DD0FC1DFD29B9009CFF66 /* Tour_GuideUITests.swift */,
				F70DD0FE1DFD29B9009CFF66 /* Info.plist */,
			);
			path = "Tour GuideUITests";
			sourceTree = "<group>";
		};
/* End PBXGroup section */

/* Begin PBXNativeTarget section */
		F70DD0D81DFD29B9009CFF66 /* Tour Guide */ = {
			isa = PBXNativeTarget;
			buildConfigurationList = F70DD1011DFD29B9009CFF66 /* Build configuration list for PBXNativeTarget "Tour Guide" */;
			buildPhases = (
				F70DD0D51DFD29B9009CFF66 /* Sources */,
				F70DD0D61DFD29B9009CFF66 /* Frameworks */,
				F70DD0D71DFD29B9009CFF66 /* Resources */,
			);
			buildRules = (
			);
			dependencies = (
			);
			name = "Tour Guide";
			productName = "Tour Guide";
			productReference = F70DD0D91DFD29B9009CFF66 /* Tour Guide.app */;
			productType = "com.apple.product-type.application";
		};
		F70DD0EC1DFD29B9009CFF66 /* Tour GuideTests */ = {
			isa = PBXNativeTarget;
			buildConfigurationList = F70DD1041DFD29B9009CFF66 /* Build configuration list for PBXNativeTarget "Tour GuideTests" */;
			buildPhases = (
				F70DD0E91DFD29B9009CFF66 /* Sources */,
				F70DD0EA1DFD29B9009CFF66 /* Frameworks */,
				F70DD0EB1DFD29B9009CFF66 /* Resources */,
			);
			buildRules = (
			);
			dependencies = (
				F70DD0EF1DFD29B9009CFF66 /* PBXTargetDependency */,
			);
			name = "Tour GuideTests";
			productName = "Tour GuideTests";
			productReference = F70DD0ED1DFD29B9009CFF66 /* Tour GuideTests.xctest */;
			productType = "com.apple.product-type.bundle.unit-test";
		};
		F70DD0F71DFD29B9009CFF66 /* Tour GuideUITests */ = {
			isa = PBXNativeTarget;
			buildConfigurationList = F70DD1071DFD29B9009CFF66 /* Build configuration list for PBXNativeTarget "Tour GuideUITests" */;
			buildPhases = (
				F70DD0F41DFD29B9009CFF66 /* Sources */,
				F70DD0F51DFD29B9009CFF66 /* Frameworks */,
				F70DD0F61DFD29B9009CFF66 /* Resources */,
			);
			buildRules = (
			);
			dependencies = (
				F70DD0FA1DFD29B9009CFF66 /* PBXTargetDependency */,
			);
			name = "Tour GuideUITests";
			productName = "Tour GuideUITests";
			productReference = F70DD0F81DFD29B9009CFF66 /* Tour GuideUITests.xctest */;
			productType = "com.apple.product-type.bundle.ui-testing";
		};
/* End PBXNativeTarget section */

/* Begin PBXProject section */
		F70DD0D11DFD29B9009CFF66 /* Project object */ = {
			isa = PBXProject;
			attributes = {
				LastSwiftUpdateCheck = 0810;
				LastUpgradeCheck = 0810;
				ORGANIZATIONNAME = Ati;
				TargetAttributes = {
					F70DD0D81DFD29B9009CFF66 = {
						CreatedOnToolsVersion = 8.1;
						DevelopmentTeam = SYX7LE8SD2;
						ProvisioningStyle = Automatic;
					};
					F70DD0EC1DFD29B9009CFF66 = {
						CreatedOnToolsVersion = 8.1;
						DevelopmentTeam = SYX7LE8SD2;
						ProvisioningStyle = Automatic;
						TestTargetID = F70DD0D81DFD29B9009CFF66;
					};
					F70DD0F71DFD29B9009CFF66 = {
						CreatedOnToolsVersion = 8.1;
						DevelopmentTeam = SYX7LE8SD2;
						ProvisioningStyle = Automatic;
						TestTargetID = F70DD0D81DFD29B9009CFF66;
					};
				};
			};
			buildConfigurationList = F70DD0D41DFD29B9009CFF66 /* Build configuration list for PBXProject "Tour Guide" */;
			compatibilityVersion = "Xcode 3.2";
			developmentRegion = English;
			hasScannedForEncodings = 0;
			knownRegions = (
				en,
				Base,
			);
			mainGroup = F70DD0D01DFD29B9009CFF66;
			productRefGroup = F70DD0DA1DFD29B9009CFF66 /* Products */;
			projectDirPath = "";
			projectRoot = "";
			targets = (
				F70DD0D81DFD29B9009CFF66 /* Tour Guide */,
				F70DD0EC1DFD29B9009CFF66 /* Tour GuideTests */,
				F70DD0F71DFD29B9009CFF66 /* Tour GuideUITests */,
			);
		};
/* End PBXProject section */

/* Begin PBXResourcesBuildPhase section */
		F70DD0D71DFD29B9009CFF66 /* Resources */ = {
			isa = PBXResourcesBuildPhase;
			buildActionMask = 2147483647;
			files = (
				F70DD0E71DFD29B9009CFF66 /* LaunchScreen.storyboard in Resources */,
				F70DD0E41DFD29B9009CFF66 /* Assets.xcassets in Resources */,
				F7BF2CC61DFE010B009CC89B /* View1.xib in Resources */,
				F7BF2CCA1DFE02A9009CC89B /* View2.xib in Resources */,
				F70DD0E21DFD29B9009CFF66 /* Main.storyboard in Resources */,
			);
			runOnlyForDeploymentPostprocessing = 0;
		};
		F70DD0EB1DFD29B9009CFF66 /* Resources */ = {
			isa = PBXResourcesBuildPhase;
			buildActionMask = 2147483647;
			files = (
			);
			runOnlyForDeploymentPostprocessing = 0;
		};
		F70DD0F61DFD29B9009CFF66 /* Resources */ = {
			isa = PBXResourcesBuildPhase;
			buildActionMask = 2147483647;
			files = (
			);
			runOnlyForDeploymentPostprocessing = 0;
		};
/* End PBXResourcesBuildPhase section */

/* Begin PBXSourcesBuildPhase section */
		F70DD0D51DFD29B9009CFF66 /* Sources */ = {
			isa = PBXSourcesBuildPhase;
			buildActionMask = 2147483647;
			files = (
				F7BF2CC91DFE02A9009CC89B /* View2.swift in Sources */,
				F7BF2CC21DFE00B7009CC89B /* MainViewController.swift in Sources */,
				F70DD0DF1DFD29B9009CFF66 /* CameraViewController.swift in Sources */,
				F7BF2CC51DFE010B009CC89B /* View1.swift in Sources */,
				F70DD0DD1DFD29B9009CFF66 /* AppDelegate.swift in Sources */,
			);
			runOnlyForDeploymentPostprocessing = 0;
		};
		F70DD0E91DFD29B9009CFF66 /* Sources */ = {
			isa = PBXSourcesBuildPhase;
			buildActionMask = 2147483647;
			files = (
				F70DD0F21DFD29B9009CFF66 /* Tour_GuideTests.swift in Sources */,
			);
			runOnlyForDeploymentPostprocessing = 0;
		};
		F70DD0F41DFD29B9009CFF66 /* Sources */ = {
			isa = PBXSourcesBuildPhase;
			buildActionMask = 2147483647;
			files = (
				F70DD0FD1DFD29B9009CFF66 /* Tour_GuideUITests.swift in Sources */,
			);
			runOnlyForDeploymentPostprocessing = 0;
		};
/* End PBXSourcesBuildPhase section */

/* Begin PBXTargetDependency section */
		F70DD0EF1DFD29B9009CFF66 /* PBXTargetDependency */ = {
			isa = PBXTargetDependency;
			target = F70DD0D81DFD29B9009CFF66 /* Tour Guide */;
			targetProxy = F70DD0EE1DFD29B9009CFF66 /* PBXContainerItemProxy */;
		};
		F70DD0FA1DFD29B9009CFF66 /* PBXTargetDependency */ = {
			isa = PBXTargetDependency;
			target = F70DD0D81DFD29B9009CFF66 /* Tour Guide */;
			targetProxy = F70DD0F91DFD29B9009CFF66 /* PBXContainerItemProxy */;
		};
/* End PBXTargetDependency section */

/* Begin PBXVariantGroup section */
		F70DD0E01DFD29B9009CFF66 /* Main.storyboard */ = {
			isa = PBXVariantGroup;
			children = (
				F70DD0E11DFD29B9009CFF66 /* Base */,
			);
			name = Main.storyboard;
			sourceTree = "<group>";
		};
		F70DD0E51DFD29B9009CFF66 /* LaunchScreen.storyboard */ = {
			isa = PBXVariantGroup;
			children = (
				F70DD0E61DFD29B9009CFF66 /* Base */,
			);
			name = LaunchScreen.storyboard;
			sourceTree = "<group>";
		};
/* End PBXVariantGroup section */

/* Begin XCBuildConfiguration section */
		F70DD0FF1DFD29B9009CFF66 /* Debug */ = {
			isa = XCBuildConfiguration;
			buildSettings = {
				ALWAYS_SEARCH_USER_PATHS = NO;
				CLANG_ANALYZER_NONNULL = YES;
				CLANG_CXX_LANGUAGE_STANDARD = "gnu++0x";
				CLANG_CXX_LIBRARY = "libc++";
				CLANG_ENABLE_MODULES = YES;
				CLANG_ENABLE_OBJC_ARC = YES;
				CLANG_WARN_BOOL_CONVERSION = YES;
				CLANG_WARN_CONSTANT_CONVERSION = YES;
				CLANG_WARN_DIRECT_OBJC_ISA_USAGE = YES_ERROR;
				CLANG_WARN_DOCUMENTATION_COMMENTS = YES;
				CLANG_WARN_EMPTY_BODY = YES;
				CLANG_WARN_ENUM_CONVERSION = YES;
				CLANG_WARN_INFINITE_RECURSION = YES;
				CLANG_WARN_INT_CONVERSION = YES;
				CLANG_WARN_OBJC_ROOT_CLASS = YES_ERROR;
				CLANG_WARN_SUSPICIOUS_MOVES = YES;
				CLANG_WARN_UNREACHABLE_CODE = YES;
				CLANG_WARN__DUPLICATE_METHOD_MATCH = YES;
				"CODE_SIGN_IDENTITY[sdk=iphoneos*]" = "iPhone Developer";
				COPY_PHASE_STRIP = NO;
				DEBUG_INFORMATION_FORMAT = dwarf;
				ENABLE_STRICT_OBJC_MSGSEND = YES;
				ENABLE_TESTABILITY = YES;
				GCC_C_LANGUAGE_STANDARD = gnu99;
				GCC_DYNAMIC_NO_PIC = NO;
				GCC_NO_COMMON_BLOCKS = YES;
				GCC_OPTIMIZATION_LEVEL = 0;
				GCC_PREPROCESSOR_DEFINITIONS = (
					"DEBUG=1",
					"$(inherited)",
				);
				GCC_WARN_64_TO_32_BIT_CONVERSION = YES;
				GCC_WARN_ABOUT_RETURN_TYPE = YES_ERROR;
				GCC_WARN_UNDECLARED_SELECTOR = YES;
				GCC_WARN_UNINITIALIZED_AUTOS = YES_AGGRESSIVE;
				GCC_WARN_UNUSED_FUNCTION = YES;
				GCC_WARN_UNUSED_VARIABLE = YES;
				IPHONEOS_DEPLOYMENT_TARGET = 10.1;
				MTL_ENABLE_DEBUG_INFO = YES;
				ONLY_ACTIVE_ARCH = YES;
				SDKROOT = iphoneos;
				SWIFT_ACTIVE_COMPILATION_CONDITIONS = DEBUG;
				SWIFT_OPTIMIZATION_LEVEL = "-Onone";
			};
			name = Debug;
		};
		F70DD1001DFD29B9009CFF66 /* Release */ = {
			isa = XCBuildConfiguration;
			buildSettings = {
				ALWAYS_SEARCH_USER_PATHS = NO;
				CLANG_ANALYZER_NONNULL = YES;
				CLANG_CXX_LANGUAGE_STANDARD = "gnu++0x";
				CLANG_CXX_LIBRARY = "libc++";
				CLANG_ENABLE_MODULES = YES;
				CLANG_ENABLE_OBJC_ARC = YES;
				CLANG_WARN_BOOL_CONVERSION = YES;
				CLANG_WARN_CONSTANT_CONVERSION = YES;
				CLANG_WARN_DIRECT_OBJC_ISA_USAGE = YES_ERROR;
				CLANG_WARN_DOCUMENTATION_COMMENTS = YES;
				CLANG_WARN_EMPTY_BODY = YES;
				CLANG_WARN_ENUM_CONVERSION = YES;
				CLANG_WARN_INFINITE_RECURSION = YES;
				CLANG_WARN_INT_CONVERSION = YES;
				CLANG_WARN_OBJC_ROOT_CLASS = YES_ERROR;
				CLANG_WARN_SUSPICIOUS_MOVES = YES;
				CLANG_WARN_UNREACHABLE_CODE = YES;
				CLANG_WARN__DUPLICATE_METHOD_MATCH = YES;
				"CODE_SIGN_IDENTITY[sdk=iphoneos*]" = "iPhone Developer";
				COPY_PHASE_STRIP = NO;
				DEBUG_INFORMATION_FORMAT = "dwarf-with-dsym";
				ENABLE_NS_ASSERTIONS = NO;
				ENABLE_STRICT_OBJC_MSGSEND = YES;
				GCC_C_LANGUAGE_STANDARD = gnu99;
				GCC_NO_COMMON_BLOCKS = YES;
				GCC_WARN_64_TO_32_BIT_CONVERSION = YES;
				GCC_WARN_ABOUT_RETURN_TYPE = YES_ERROR;
				GCC_WARN_UNDECLARED_SELECTOR = YES;
				GCC_WARN_UNINITIALIZED_AUTOS = YES_AGGRESSIVE;
				GCC_WARN_UNUSED_FUNCTION = YES;
				GCC_WARN_UNUSED_VARIABLE = YES;
				IPHONEOS_DEPLOYMENT_TARGET = 10.1;
				MTL_ENABLE_DEBUG_INFO = NO;
				SDKROOT = iphoneos;
				SWIFT_OPTIMIZATION_LEVEL = "-Owholemodule";
				VALIDATE_PRODUCT = YES;
			};
			name = Release;
		};
		F70DD1021DFD29B9009CFF66 /* Debug */ = {
			isa = XCBuildConfiguration;
			buildSettings = {
				ASSETCATALOG_COMPILER_APPICON_NAME = AppIcon;
				DEVELOPMENT_TEAM = SYX7LE8SD2;
				INFOPLIST_FILE = "Tour Guide/Info.plist";
				IPHONEOS_DEPLOYMENT_TARGET = 10.0;
				LD_RUNPATH_SEARCH_PATHS = "$(inherited) @executable_path/Frameworks";
				PRODUCT_BUNDLE_IDENTIFIER = "com.ati.winterBreakProject.Tour-Guide";
				PRODUCT_NAME = "$(TARGET_NAME)";
				SWIFT_VERSION = 3.0;
			};
			name = Debug;
		};
		F70DD1031DFD29B9009CFF66 /* Release */ = {
			isa = XCBuildConfiguration;
			buildSettings = {
				ASSETCATALOG_COMPILER_APPICON_NAME = AppIcon;
				DEVELOPMENT_TEAM = SYX7LE8SD2;
				INFOPLIST_FILE = "Tour Guide/Info.plist";
				IPHONEOS_DEPLOYMENT_TARGET = 10.0;
				LD_RUNPATH_SEARCH_PATHS = "$(inherited) @executable_path/Frameworks";
				PRODUCT_BUNDLE_IDENTIFIER = "com.ati.winterBreakProject.Tour-Guide";
				PRODUCT_NAME = "$(TARGET_NAME)";
				SWIFT_VERSION = 3.0;
			};
			name = Release;
		};
		F70DD1051DFD29B9009CFF66 /* Debug */ = {
			isa = XCBuildConfiguration;
			buildSettings = {
				ALWAYS_EMBED_SWIFT_STANDARD_LIBRARIES = YES;
				BUNDLE_LOADER = "$(TEST_HOST)";
				DEVELOPMENT_TEAM = SYX7LE8SD2;
				INFOPLIST_FILE = "Tour GuideTests/Info.plist";
				LD_RUNPATH_SEARCH_PATHS = "$(inherited) @executable_path/Frameworks @loader_path/Frameworks";
				PRODUCT_BUNDLE_IDENTIFIER = "com.ati.winterBreakProject.Tour-GuideTests";
				PRODUCT_NAME = "$(TARGET_NAME)";
				SWIFT_VERSION = 3.0;
				TEST_HOST = "$(BUILT_PRODUCTS_DIR)/Tour Guide.app/Tour Guide";
			};
			name = Debug;
		};
		F70DD1061DFD29B9009CFF66 /* Release */ = {
			isa = XCBuildConfiguration;
			buildSettings = {
				ALWAYS_EMBED_SWIFT_STANDARD_LIBRARIES = YES;
				BUNDLE_LOADER = "$(TEST_HOST)";
				DEVELOPMENT_TEAM = SYX7LE8SD2;
				INFOPLIST_FILE = "Tour GuideTests/Info.plist";
				LD_RUNPATH_SEARCH_PATHS = "$(inherited) @executable_path/Frameworks @loader_path/Frameworks";
				PRODUCT_BUNDLE_IDENTIFIER = "com.ati.winterBreakProject.Tour-GuideTests";
				PRODUCT_NAME = "$(TARGET_NAME)";
				SWIFT_VERSION = 3.0;
				TEST_HOST = "$(BUILT_PRODUCTS_DIR)/Tour Guide.app/Tour Guide";
			};
			name = Release;
		};
		F70DD1081DFD29B9009CFF66 /* Debug */ = {
			isa = XCBuildConfiguration;
			buildSettings = {
				ALWAYS_EMBED_SWIFT_STANDARD_LIBRARIES = YES;
				DEVELOPMENT_TEAM = SYX7LE8SD2;
				INFOPLIST_FILE = "Tour GuideUITests/Info.plist";
				LD_RUNPATH_SEARCH_PATHS = "$(inherited) @executable_path/Frameworks @loader_path/Frameworks";
				PRODUCT_BUNDLE_IDENTIFIER = "com.ati.winterBreakProject.Tour-GuideUITests";
				PRODUCT_NAME = "$(TARGET_NAME)";
				SWIFT_VERSION = 3.0;
				TEST_TARGET_NAME = "Tour Guide";
			};
			name = Debug;
		};
		F70DD1091DFD29B9009CFF66 /* Release */ = {
			isa = XCBuildConfiguration;
			buildSettings = {
				ALWAYS_EMBED_SWIFT_STANDARD_LIBRARIES = YES;
				DEVELOPMENT_TEAM = SYX7LE8SD2;
				INFOPLIST_FILE = "Tour GuideUITests/Info.plist";
				LD_RUNPATH_SEARCH_PATHS = "$(inherited) @executable_path/Frameworks @loader_path/Frameworks";
				PRODUCT_BUNDLE_IDENTIFIER = "com.ati.winterBreakProject.Tour-GuideUITests";
				PRODUCT_NAME = "$(TARGET_NAME)";
				SWIFT_VERSION = 3.0;
				TEST_TARGET_NAME = "Tour Guide";
			};
			name = Release;
		};
/* End XCBuildConfiguration section */

/* Begin XCConfigurationList section */
		F70DD0D41DFD29B9009CFF66 /* Build configuration list for PBXProject "Tour Guide" */ = {
			isa = XCConfigurationList;
			buildConfigurations = (
				F70DD0FF1DFD29B9009CFF66 /* Debug */,
				F70DD1001DFD29B9009CFF66 /* Release */,
			);
			defaultConfigurationIsVisible = 0;
			defaultConfigurationName = Release;
		};
		F70DD1011DFD29B9009CFF66 /* Build configuration list for PBXNativeTarget "Tour Guide" */ = {
			isa = XCConfigurationList;
			buildConfigurations = (
				F70DD1021DFD29B9009CFF66 /* Debug */,
				F70DD1031DFD29B9009CFF66 /* Release */,
			);
			defaultConfigurationIsVisible = 0;
			defaultConfigurationName = Release;
		};
		F70DD1041DFD29B9009CFF66 /* Build configuration list for PBXNativeTarget "Tour GuideTests" */ = {
			isa = XCConfigurationList;
			buildConfigurations = (
				F70DD1051DFD29B9009CFF66 /* Debug */,
				F70DD1061DFD29B9009CFF66 /* Release */,
			);
			defaultConfigurationIsVisible = 0;
			defaultConfigurationName = Release;
		};
		F70DD1071DFD29B9009CFF66 /* Build configuration list for PBXNativeTarget "Tour GuideUITests" */ = {
			isa = XCConfigurationList;
			buildConfigurations = (
				F70DD1081DFD29B9009CFF66 /* Debug */,
				F70DD1091DFD29B9009CFF66 /* Release */,
			);
			defaultConfigurationIsVisible = 0;
			defaultConfigurationName = Release;
		};
/* End XCConfigurationList section */
	};
	rootObject = F70DD0D11DFD29B9009CFF66 /* Project object */;
}
